
Microsoft Visual Studio Solution File, Format Version 12.00
# Visual Studio Version 17
VisualStudioVersion = 17.0.31903.59
MinimumVisualStudioVersion = 10.0.40219.1
Project("{FAE04EC0-301F-11D3-BF4B-00C04F79EFBC}") = "LumiMemo.Core", "LumiMemo.Core\LumiMemo.Core.csproj", "{3D737DD1-1102-4151-BBE0-E5B965F70E11}"
EndProject
Project("{FAE04EC0-301F-11D3-BF4B-00C04F79EFBC}") = "LumiMemo.Infrastructure", "LumiMemo.Infrastructure\LumiMemo.Infrastructure.csproj", "{E6AE3EEE-A703-4439-97F5-BFB12AE35B8B}"
EndProject
Project("{FAE04EC0-301F-11D3-BF4B-00C04F79EFBC}") = "LumiMemo.App", "LumiMemo.App\LumiMemo.App.csproj", "{CDDDA2F9-E10D-49C4-93D3-690618285F4A}"
EndProject
Project("{FAE04EC0-301F-11D3-BF4B-00C04F79EFBC}") = "LumiMemo.Core.Tests", "LumiMemo.Core.Tests\LumiMemo.Core.Tests.csproj", "{7902836A-3474-4070-82C0-006EE6B5E1AA}"
EndProject
Project("{FAE04EC0-301F-11D3-BF4B-00C04F79EFBC}") = "LumiMemo.App.Tests", "LumiMemo.App.Tests\LumiMemo.App.Tests.csproj", "{16BDB93D-65B1-4B87-9486-D29DFFFD199B}"
EndProject
Project("{FAE04EC0-301F-11D3-BF4B-00C04F79EFBC}") = "LumiMemo.Integration.Tests", "LumiMemo.Integration.Tests\LumiMemo.Integration.Tests.csproj", "{AFC5874C-2CD4-4C70-9254-7DD611DB1CF6}"
EndProject
Global
	GlobalSection(SolutionConfigurationPlatforms) = preSolution
		Debug|Any CPU = Debug|Any CPU
		Debug|x64 = Debug|x64
		Debug|x86 = Debug|x86
		Release|Any CPU = Release|Any CPU
		Release|x64 = Release|x64
		Release|x86 = Release|x86
	EndGlobalSection
	GlobalSection(ProjectConfigurationPlatforms) = postSolution
		{3D737DD1-1102-4151-BBE0-E5B965F70E11}.Debug|Any CPU.ActiveCfg = Debug|Any CPU
		{3D737DD1-1102-4151-BBE0-E5B965F70E11}.Debug|Any CPU.Build.0 = Debug|Any CPU
		{3D737DD1-1102-4151-BBE0-E5B965F70E11}.Debug|x64.ActiveCfg = Debug|Any CPU
		{3D737DD1-1102-4151-BBE0-E5B965F70E11}.Debug|x64.Build.0 = Debug|Any CPU
		{3D737DD1-1102-4151-BBE0-E5B965F70E11}.Debug|x86.ActiveCfg = Debug|Any CPU
		{3D737DD1-1102-4151-BBE0-E5B965F70E11}.Debug|x86.Build.0 = Debug|Any CPU
		{3D737DD1-1102-4151-BBE0-E5B965F70E11}.Release|Any CPU.ActiveCfg = Release|Any CPU
		{3D737DD1-1102-4151-BBE0-E5B965F70E11}.Release|Any CPU.Build.0 = Release|Any CPU
		{3D737DD1-1102-4151-BBE0-E5B965F70E11}.Release|x64.ActiveCfg = Release|Any CPU
		{3D737DD1-1102-4151-BBE0-E5B965F70E11}.Release|x64.Build.0 = Release|Any CPU
		{3D737DD1-1102-4151-BBE0-E5B965F70E11}.Release|x86.ActiveCfg = Release|Any CPU
		{3D737DD1-1102-4151-BBE0-E5B965F70E11}.Release|x86.Build.0 = Release|Any CPU
		{E6AE3EEE-A703-4439-97F5-BFB12AE35B8B}.Debug|Any CPU.ActiveCfg = Debug|Any CPU
		{E6AE3EEE-A703-4439-97F5-BFB12AE35B8B}.Debug|Any CPU.Build.0 = Debug|Any CPU
		{E6AE3EEE-A703-4439-97F5-BFB12AE35B8B}.Debug|x64.ActiveCfg = Debug|Any CPU
		{E6AE3EEE-A703-4439-97F5-BFB12AE35B8B}.Debug|x64.Build.0 = Debug|Any CPU
		{E6AE3EEE-A703-4439-97F5-BFB12AE35B8B}.Debug|x86.ActiveCfg = Debug|Any CPU
		{E6AE3EEE-A703-4439-97F5-BFB12AE35B8B}.Debug|x86.Build.0 = Debug|Any CPU
		{E6AE3EEE-A703-4439-97F5-BFB12AE35B8B}.Release|Any CPU.ActiveCfg = Release|Any CPU
		{E6AE3EEE-A703-4439-97F5-BFB12AE35B8B}.Release|Any CPU.Build.0 = Release|Any CPU
		{E6AE3EEE-A703-4439-97F5-BFB12AE35B8B}.Release|x64.ActiveCfg = Release|Any CPU
		{E6AE3EEE-A703-4439-97F5-BFB12AE35B8B}.Release|x64.Build.0 = Release|Any CPU
		{E6AE3EEE-A703-4439-97F5-BFB12AE35B8B}.Release|x86.ActiveCfg = Release|Any CPU
		{E6AE3EEE-A703-4439-97F5-BFB12AE35B8B}.Release|x86.Build.0 = Release|Any CPU
		{CDDDA2F9-E10D-49C4-93D3-690618285F4A}.Debug|Any CPU.ActiveCfg = Debug|Any CPU
		{CDDDA2F9-E10D-49C4-93D3-690618285F4A}.Debug|Any CPU.Build.0 = Debug|Any CPU
		{CDDDA2F9-E10D-49C4-93D3-690618285F4A}.Debug|x64.ActiveCfg = Debug|Any CPU
		{CDDDA2F9-E10D-49C4-93D3-690618285F4A}.Debug|x64.Build.0 = Debug|Any CPU
		{CDDDA2F9-E10D-49C4-93D3-690618285F4A}.Debug|x86.ActiveCfg = Debug|Any CPU
		{CDDDA2F9-E10D-49C4-93D3-690618285F4A}.Debug|x86.Build.0 = Debug|Any CPU
		{CDDDA2F9-E10D-49C4-93D3-690618285F4A}.Release|Any CPU.ActiveCfg = Release|Any CPU
		{CDDDA2F9-E10D-49C4-93D3-690618285F4A}.Release|Any CPU.Build.0 = Release|Any CPU
		{CDDDA2F9-E10D-49C4-93D3-690618285F4A}.Release|x64.ActiveCfg = Release|Any CPU
		{CDDDA2F9-E10D-49C4-93D3-690618285F4A}.Release|x64.Build.0 = Release|Any CPU
		{CDDDA2F9-E10D-49C4-93D3-690618285F4A}.Release|x86.ActiveCfg = Release|Any CPU
		{CDDDA2F9-E10D-49C4-93D3-690618285F4A}.Release|x86.Build.0 = Release|Any CPU
		{7902836A-3474-4070-82C0-006EE6B5E1AA}.Debug|Any CPU.ActiveCfg = Debug|Any CPU
		{7902836A-3474-4070-82C0-006EE6B5E1AA}.Debug|Any CPU.Build.0 = Debug|Any CPU
		{7902836A-3474-4070-82C0-006EE6B5E1AA}.Debug|x64.ActiveCfg = Debug|Any CPU
		{7902836A-3474-4070-82C0-006EE6B5E1AA}.Debug|x64.Build.0 = Debug|Any CPU
		{7902836A-3474-4070-82C0-006EE6B5E1AA}.Debug|x86.ActiveCfg = Debug|Any CPU
		{7902836A-3474-4070-82C0-006EE6B5E1AA}.Debug|x86.Build.0 = Debug|Any CPU
		{7902836A-3474-4070-82C0-006EE6B5E1AA}.Release|Any CPU.ActiveCfg = Release|Any CPU
		{7902836A-3474-4070-82C0-006EE6B5E1AA}.Release|Any CPU.Build.0 = Release|Any CPU
		{7902836A-3474-4070-82C0-006EE6B5E1AA}.Release|x64.ActiveCfg = Release|Any CPU
		{7902836A-3474-4070-82C0-006EE6B5E1AA}.Release|x64.Build.0 = Release|Any CPU
		{7902836A-3474-4070-82C0-006EE6B5E1AA}.Release|x86.ActiveCfg = Release|Any CPU
		{7902836A-3474-4070-82C0-006EE6B5E1AA}.Release|x86.Build.0 = Release|Any CPU
		{16BDB93D-65B1-4B87-9486-D29DFFFD199B}.Debug|Any CPU.ActiveCfg = Debug|Any CPU
		{16BDB93D-65B1-4B87-9486-D29DFFFD199B}.Debug|Any CPU.Build.0 = Debug|Any CPU
		{16BDB93D-65B1-4B87-9486-D29DFFFD199B}.Debug|x64.ActiveCfg = Debug|Any CPU
		{16BDB93D-65B1-4B87-9486-D29DFFFD199B}.Debug|x64.Build.0 = Debug|Any CPU
		{16BDB93D-65B1-4B87-9486-D29DFFFD199B}.Debug|x86.ActiveCfg = Debug|Any CPU
		{16BDB93D-65B1-4B87-9486-D29DFFFD199B}.Debug|x86.Build.0 = Debug|Any CPU
		{16BDB93D-65B1-4B87-9486-D29DFFFD199B}.Release|Any CPU.ActiveCfg = Release|Any CPU
		{16BDB93D-65B1-4B87-9486-D29DFFFD199B}.Release|Any CPU.Build.0 = Release|Any CPU
		{16BDB93D-65B1-4B87-9486-D29DFFFD199B}.Release|x64.ActiveCfg = Release|Any CPU
		{16BDB93D-65B1-4B87-9486-D29DFFFD199B}.Release|x64.Build.0 = Release|Any CPU
		{16BDB93D-65B1-4B87-9486-D29DFFFD199B}.Release|x86.ActiveCfg = Release|Any CPU
		{16BDB93D-65B1-4B87-9486-D29DFFFD199B}.Release|x86.Build.0 = Release|Any CPU
		{AFC5874C-2CD4-4C70-9254-7DD611DB1CF6}.Debug|Any CPU.ActiveCfg = Debug|Any CPU
		{AFC5874C-2CD4-4C70-9254-7DD611DB1CF6}.Debug|Any CPU.Build.0 = Debug|Any CPU
		{AFC5874C-2CD4-4C70-9254-7DD611DB1CF6}.Debug|x64.ActiveCfg = Debug|Any CPU
		{AFC5874C-2CD4-4C70-9254-7DD611DB1CF6}.Debug|x64.Build.0 = Debug|Any CPU
		{AFC5874C-2CD4-4C70-9254-7DD611DB1CF6}.Debug|x86.ActiveCfg = Debug|Any CPU
		{AFC5874C-2CD4-4C70-9254-7DD611DB1CF6}.Debug|x86.Build.0 = Debug|Any CPU
		{AFC5874C-2CD4-4C70-9254-7DD611DB1CF6}.Release|Any CPU.ActiveCfg = Release|Any CPU
		{AFC5874C-2CD4-4C70-9254-7DD611DB1CF6}.Release|Any CPU.Build.0 = Release|Any CPU
		{AFC5874C-2CD4-4C70-9254-7DD611DB1CF6}.Release|x64.ActiveCfg = Release|Any CPU
		{AFC5874C-2CD4-4C70-9254-7DD611DB1CF6}.Release|x64.Build.0 = Release|Any CPU
		{AFC5874C-2CD4-4C70-9254-7DD611DB1CF6}.Release|x86.ActiveCfg = Release|Any CPU
		{AFC5874C-2CD4-4C70-9254-7DD611DB1CF6}.Release|x86.Build.0 = Release|Any CPU
	EndGlobalSection
	GlobalSection(SolutionProperties) = preSolution
		HideSolutionNode = FALSE
	EndGlobalSection
EndGlobal
